PODS:
  - AFNetworking (2.2.4):
    - AFNetworking/NSURLConnection
    - AFNetworking/NSURLSession
    - AFNetworking/Reachability
    - AFNetworking/Security
    - AFNetworking/Serialization
    - AFNetworking/UIKit
  - AFNetworking/NSURLConnection (2.2.4):
    - AFNetworking/Reachability
    - AFNetworking/Security
    - AFNetworking/Serialization
  - AFNetworking/NSURLSession (2.2.4):
    - AFNetworking/NSURLConnection
  - AFNetworking/Reachability (2.2.4)
  - AFNetworking/Security (2.2.4)
  - AFNetworking/Serialization (2.2.4)
  - AFNetworking/UIKit (2.2.4):
    - AFNetworking/NSURLConnection
    - AFNetworking/NSURLSession
  - CHTCollectionViewWaterfallLayout (0.7)
  - GPUImage (0.1.4)
  - ios-image-editor (1.1.4)
  - JSQMessagesViewController (5.0.4):
    - JSQSystemSoundPlayer
  - JSQSystemSoundPlayer (1.5.2)
  - MBProgressHUD (0.8)
  - MZAppearance (1.1.3)
  - MZFormSheetController (2.3.4):
    - MZAppearance (~> 1.1.3)
  - REComposeViewController (2.3.1)
  - REFrostedViewController (2.4.5)
  - socket.IO (0.5.2):
    - SocketRocket (~> 0.2)
  - SocketRocket (0.3.1-beta2)
  - STTweetLabel (3.1.12)
  - TTTAttributedLabel (1.10.0)

DEPENDENCIES:
  - AFNetworking
  - CHTCollectionViewWaterfallLayout
  - GPUImage
  - ios-image-editor
  - JSQMessagesViewController
  - MBProgressHUD
  - MZFormSheetController
  - REComposeViewController
  - REFrostedViewController
  - socket.IO
  - STTweetLabel
  - TTTAttributedLabel

SPEC CHECKSUMS:
  AFNetworking: ab63e259fe91eef4519b371ef0a4955af0e73e64
  CHTCollectionViewWaterfallLayout: 184d3b6d5456b48e93ac97e93e606bd8b68aedcc
  GPUImage: ac2bde5f4dbea02a81ced6313964cec1f2043ca9
  ios-image-editor: eb2c5d23814956522aaa2bebbfe09d3e6087f828
  JSQMessagesViewController: 70be735cbe86b74961870d1d9a2948af7ea2da9d
  JSQSystemSoundPlayer: c24914bc96ff5365b5d28b59d7ecffd60d1c5587
  MBProgressHUD: c356980b0cd097f19acec959b49dca5eb8ec31be
  MZAppearance: c88502c0c2345120630c34e09d5ff09e2969ba30
  MZFormSheetController: 8c453908080c338274e68908849029435d3e2736
  REComposeViewController: 4aaa68a7c6da4524e46d7e9366d7dd33b291fa81
  REFrostedViewController: 93c85bf09c95c8166fc5314aa6811fb33611afb7
  socket.IO: db3e71805c862038ab73209dda2b0ad6babc54b2
  SocketRocket: 79a68ae186063c65e1fe6f638b1ae2927aa5f304
  STTweetLabel: 5acb62e6a64449520f242c002364bd3ec3a44592
  TTTAttributedLabel: c3a11b538bc7beb4815f156e2ba4b066929e13f9

COCOAPODS: 0.33.1
